
Microsoft Visual Studio Solution File, Format Version 12.00
# Visual Studio Version 17
VisualStudioVersion = 17.14.36310.24 d17.14
MinimumVisualStudioVersion = 10.0.40219.1
Project("{FAE04EC0-301F-11D3-BF4B-00C04F79EFBC}") = "BookStoreApi", "BookStoreApi.csproj", "{C413DA7F-6E50-46B5-B663-23CC56E8A2F9}"
EndProject
Global
	GlobalSection(SolutionConfigurationPlatforms) = preSolution
		Debug|Any CPU = Debug|Any CPU
		Release|Any CPU = Release|Any CPU
	EndGlobalSection
	GlobalSection(ProjectConfigurationPlatforms) = postSolution
		{C413DA7F-6E50-46B5-B663-23CC56E8A2F9}.Debug|Any CPU.ActiveCfg = Debug|Any CPU
		{C413DA7F-6E50-46B5-B663-23CC56E8A2F9}.Debug|Any CPU.Build.0 = Debug|Any CPU
		{C413DA7F-6E50-46B5-B663-23CC56E8A2F9}.Release|Any CPU.ActiveCfg = Release|Any CPU
		{C413DA7F-6E50-46B5-B663-23CC56E8A2F9}.Release|Any CPU.Build.0 = Release|Any CPU
	EndGlobalSection
	GlobalSection(SolutionProperties) = preSolution
		HideSolutionNode = FALSE
	EndGlobalSection
	GlobalSection(ExtensibilityGlobals) = postSolution
		SolutionGuid = {E21A8D08-821E-4E14-BF2F-7A29D51AAB4C}
	EndGlobalSection
EndGlobal
