
Microsoft Visual Studio Solution File, Format Version 12.00
# Visual Studio Version 17
VisualStudioVersion = 17.14.36310.24 d17.14
MinimumVisualStudioVersion = 10.0.40219.1
Project("{FAE04EC0-301F-11D3-BF4B-00C04F79EFBC}") = "ApiRoutingDrills", "..\rest-routing-drills\ApiRoutingDrills.csproj", "{1147C627-318C-4F05-9826-445230705AD2}"
EndProject
Global
	GlobalSection(SolutionConfigurationPlatforms) = preSolution
		Debug|Any CPU = Debug|Any CPU
		Release|Any CPU = Release|Any CPU
	EndGlobalSection
	GlobalSection(ProjectConfigurationPlatforms) = postSolution
		{1147C627-318C-4F05-9826-445230705AD2}.Debug|Any CPU.ActiveCfg = Debug|Any CPU
		{1147C627-318C-4F05-9826-445230705AD2}.Debug|Any CPU.Build.0 = Debug|Any CPU
		{1147C627-318C-4F05-9826-445230705AD2}.Release|Any CPU.ActiveCfg = Release|Any CPU
		{1147C627-318C-4F05-9826-445230705AD2}.Release|Any CPU.Build.0 = Release|Any CPU
	EndGlobalSection
	GlobalSection(SolutionProperties) = preSolution
		HideSolutionNode = FALSE
	EndGlobalSection
	GlobalSection(ExtensibilityGlobals) = postSolution
		SolutionGuid = {D518C999-5251-43E8-AC13-4207C0C7CDB4}
	EndGlobalSection
EndGlobal
